
Microsoft Visual Studio Solution File, Format Version 12.00
# Visual Studio Version 16
VisualStudioVersion = 16.0.30204.135
MinimumVisualStudioVersion = 10.0.40219.1
Project("{FAE04EC0-301F-11D3-BF4B-00C04F79EFBC}") = "Document", "Document\Document.csproj", "{3A78BB04-ACC2-4A83-8086-67136CF16CE7}"
EndProject
Global
	GlobalSection(SolutionConfigurationPlatforms) = preSolution
		Debug|Any CPU = Debug|Any CPU
		Release|Any CPU = Release|Any CPU
	EndGlobalSection
	GlobalSection(ProjectConfigurationPlatforms) = postSolution
		{3A78BB04-ACC2-4A83-8086-67136CF16CE7}.Debug|Any CPU.ActiveCfg = Debug|Any CPU
		{3A78BB04-ACC2-4A83-8086-67136CF16CE7}.Debug|Any CPU.Build.0 = Debug|Any CPU
		{3A78BB04-ACC2-4A83-8086-67136CF16CE7}.Release|Any CPU.ActiveCfg = Release|Any CPU
		{3A78BB04-ACC2-4A83-8086-67136CF16CE7}.Release|Any CPU.Build.0 = Release|Any CPU
	EndGlobalSection
	GlobalSection(SolutionProperties) = preSolution
		HideSolutionNode = FALSE
	EndGlobalSection
	GlobalSection(ExtensibilityGlobals) = postSolution
		SolutionGuid = {83D519D1-0812-424D-8F80-4906BEB30E1A}
	EndGlobalSection
EndGlobal
